// !$*UTF8*$!
{
	archiveVersion = 1;
	classes = {
	};
	objectVersion = 50;
	objects = {

/* Begin PBXBuildFile section */
		47BEA0E125F79D2F00672D43 /* PodTrial.framework in Frameworks */ = {isa = PBXBuildFile; fileRef = 47BEA0D725F79D2F00672D43 /* PodTrial.framework */; };
		47BEA0E625F79D2F00672D43 /* PodTrialTests.swift in Sources */ = {isa = PBXBuildFile; fileRef = 47BEA0E525F79D2F00672D43 /* PodTrialTests.swift */; };
		47BEA0E825F79D2F00672D43 /* PodTrial.h in Headers */ = {isa = PBXBuildFile; fileRef = 47BEA0DA25F79D2F00672D43 /* PodTrial.h */; settings = {ATTRIBUTES = (Public, ); }; };
		47BEA0FA25F79DC800672D43 /* PodTrialExampleApp.swift in Sources */ = {isa = PBXBuildFile; fileRef = 47BEA0F925F79DC800672D43 /* PodTrialExampleApp.swift */; };
		47BEA0FC25F79DC800672D43 /* ContentView.swift in Sources */ = {isa = PBXBuildFile; fileRef = 47BEA0FB25F79DC800672D43 /* ContentView.swift */; };
		47BEA0FE25F79DC900672D43 /* Assets.xcassets in Resources */ = {isa = PBXBuildFile; fileRef = 47BEA0FD25F79DC900672D43 /* Assets.xcassets */; };
		47BEA10125F79DC900672D43 /* Preview Assets.xcassets in Resources */ = {isa = PBXBuildFile; fileRef = 47BEA10025F79DC900672D43 /* Preview Assets.xcassets */; };
		47BEA10A25F7AB7F00672D43 /* PodTrial.swift in Sources */ = {isa = PBXBuildFile; fileRef = 47BEA10925F7AB7F00672D43 /* PodTrial.swift */; };
/* End PBXBuildFile section */

/* Begin PBXContainerItemProxy section */
		47BEA0E225F79D2F00672D43 /* PBXContainerItemProxy */ = {
			isa = PBXContainerItemProxy;
			containerPortal = 47BEA0CE25F79D2F00672D43 /* Project object */;
			proxyType = 1;
			remoteGlobalIDString = 47BEA0D625F79D2F00672D43;
			remoteInfo = PodTrial;
		};
/* End PBXContainerItemProxy section */

/* Begin PBXFileReference section */
		47BEA0D725F79D2F00672D43 /* PodTrial.framework */ = {isa = PBXFileReference; explicitFileType = wrapper.framework; includeInIndex = 0; path = PodTrial.framework; sourceTree = BUILT_PRODUCTS_DIR; };
		47BEA0DA25F79D2F00672D43 /* PodTrial.h */ = {isa = PBXFileReference; lastKnownFileType = sourcecode.c.h; path = PodTrial.h; sourceTree = "<group>"; };
		47BEA0DB25F79D2F00672D43 /* Info.plist */ = {isa = PBXFileReference; lastKnownFileType = text.plist.xml; path = Info.plist; sourceTree = "<group>"; };
		47BEA0E025F79D2F00672D43 /* PodTrialTests.xctest */ = {isa = PBXFileReference; explicitFileType = wrapper.cfbundle; includeInIndex = 0; path = PodTrialTests.xctest; sourceTree = BUILT_PRODUCTS_DIR; };
		47BEA0E525F79D2F00672D43 /* PodTrialTests.swift */ = {isa = PBXFileReference; lastKnownFileType = sourcecode.swift; path = PodTrialTests.swift; sourceTree = "<group>"; };
		47BEA0E725F79D2F00672D43 /* Info.plist */ = {isa = PBXFileReference; lastKnownFileType = text.plist.xml; path = Info.plist; sourceTree = "<group>"; };
		47BEA0F725F79DC800672D43 /* PodTrialExample.app */ = {isa = PBXFileReference; explicitFileType = wrapper.application; includeInIndex = 0; path = PodTrialExample.app; sourceTree = BUILT_PRODUCTS_DIR; };
		47BEA0F925F79DC800672D43 /* PodTrialExampleApp.swift */ = {isa = PBXFileReference; lastKnownFileType = sourcecode.swift; path = PodTrialExampleApp.swift; sourceTree = "<group>"; };
		47BEA0FB25F79DC800672D43 /* ContentView.swift */ = {isa = PBXFileReference; lastKnownFileType = sourcecode.swift; path = ContentView.swift; sourceTree = "<group>"; };
		47BEA0FD25F79DC900672D43 /* Assets.xcassets */ = {isa = PBXFileReference; lastKnownFileType = folder.assetcatalog; path = Assets.xcassets; sourceTree = "<group>"; };
		47BEA10025F79DC900672D43 /* Preview Assets.xcassets */ = {isa = PBXFileReference; lastKnownFileType = folder.assetcatalog; path = "Preview Assets.xcassets"; sourceTree = "<group>"; };
		47BEA10225F79DC900672D43 /* Info.plist */ = {isa = PBXFileReference; lastKnownFileType = text.plist.xml; path = Info.plist; sourceTree = "<group>"; };
		47BEA10925F7AB7F00672D43 /* PodTrial.swift */ = {isa = PBXFileReference; lastKnownFileType = sourcecode.swift; path = PodTrial.swift; sourceTree = "<group>"; };
/* End PBXFileReference section */

/* Begin PBXFrameworksBuildPhase section */
		47BEA0D425F79D2F00672D43 /* Frameworks */ = {
			isa = PBXFrameworksBuildPhase;
			buildActionMask = 2147483647;
			files = (
			);
			runOnlyForDeploymentPostprocessing = 0;
		};
		47BEA0DD25F79D2F00672D43 /* Frameworks */ = {
			isa = PBXFrameworksBuildPhase;
			buildActionMask = 2147483647;
			files = (
				47BEA0E125F79D2F00672D43 /* PodTrial.framework in Frameworks */,
			);
			runOnlyForDeploymentPostprocessing = 0;
		};
		47BEA0F425F79DC800672D43 /* Frameworks */ = {
			isa = PBXFrameworksBuildPhase;
			buildActionMask = 2147483647;
			files = (
			);
			runOnlyForDeploymentPostprocessing = 0;
		};
/* End PBXFrameworksBuildPhase section */

/* Begin PBXGroup section */
		47BEA0CD25F79D2F00672D43 = {
			isa = PBXGroup;
			children = (
				47BEA0D925F79D2F00672D43 /* PodTrial */,
				47BEA0E425F79D2F00672D43 /* PodTrialTests */,
				47BEA0F825F79DC800672D43 /* PodTrialExample */,
				47BEA0D825F79D2F00672D43 /* Products */,
			);
			sourceTree = "<group>";
		};
		47BEA0D825F79D2F00672D43 /* Products */ = {
			isa = PBXGroup;
			children = (
				47BEA0D725F79D2F00672D43 /* PodTrial.framework */,
				47BEA0E025F79D2F00672D43 /* PodTrialTests.xctest */,
				47BEA0F725F79DC800672D43 /* PodTrialExample.app */,
			);
			name = Products;
			sourceTree = "<group>";
		};
		47BEA0D925F79D2F00672D43 /* PodTrial */ = {
			isa = PBXGroup;
			children = (
				47BEA0DA25F79D2F00672D43 /* PodTrial.h */,
				47BEA0DB25F79D2F00672D43 /* Info.plist */,
				47BEA10925F7AB7F00672D43 /* PodTrial.swift */,
			);
			path = PodTrial;
			sourceTree = "<group>";
		};
		47BEA0E425F79D2F00672D43 /* PodTrialTests */ = {
			isa = PBXGroup;
			children = (
				47BEA0E525F79D2F00672D43 /* PodTrialTests.swift */,
				47BEA0E725F79D2F00672D43 /* Info.plist */,
			);
			path = PodTrialTests;
			sourceTree = "<group>";
		};
		47BEA0F825F79DC800672D43 /* PodTrialExample */ = {
			isa = PBXGroup;
			children = (
				47BEA0F925F79DC800672D43 /* PodTrialExampleApp.swift */,
				47BEA0FB25F79DC800672D43 /* ContentView.swift */,
				47BEA0FD25F79DC900672D43 /* Assets.xcassets */,
				47BEA10225F79DC900672D43 /* Info.plist */,
				47BEA0FF25F79DC900672D43 /* Preview Content */,
			);
			path = PodTrialExample;
			sourceTree = "<group>";
		};
		47BEA0FF25F79DC900672D43 /* Preview Content */ = {
			isa = PBXGroup;
			children = (
				47BEA10025F79DC900672D43 /* Preview Assets.xcassets */,
			);
			path = "Preview Content";
			sourceTree = "<group>";
		};
/* End PBXGroup section */

/* Begin PBXHeadersBuildPhase section */
		47BEA0D225F79D2F00672D43 /* Headers */ = {
			isa = PBXHeadersBuildPhase;
			buildActionMask = 2147483647;
			files = (
				47BEA0E825F79D2F00672D43 /* PodTrial.h in Headers */,
			);
			runOnlyForDeploymentPostprocessing = 0;
		};
/* End PBXHeadersBuildPhase section */

/* Begin PBXNativeTarget section */
		47BEA0D625F79D2F00672D43 /* PodTrial */ = {
			isa = PBXNativeTarget;
			buildConfigurationList = 47BEA0EB25F79D2F00672D43 /* Build configuration list for PBXNativeTarget "PodTrial" */;
			buildPhases = (
				47BEA0D225F79D2F00672D43 /* Headers */,
				47BEA0D325F79D2F00672D43 /* Sources */,
				47BEA0D425F79D2F00672D43 /* Frameworks */,
				47BEA0D525F79D2F00672D43 /* Resources */,
			);
			buildRules = (
			);
			dependencies = (
			);
			name = PodTrial;
			productName = PodTrial;
			productReference = 47BEA0D725F79D2F00672D43 /* PodTrial.framework */;
			productType = "com.apple.product-type.framework";
		};
		47BEA0DF25F79D2F00672D43 /* PodTrialTests */ = {
			isa = PBXNativeTarget;
			buildConfigurationList = 47BEA0EE25F79D2F00672D43 /* Build configuration list for PBXNativeTarget "PodTrialTests" */;
			buildPhases = (
				47BEA0DC25F79D2F00672D43 /* Sources */,
				47BEA0DD25F79D2F00672D43 /* Frameworks */,
				47BEA0DE25F79D2F00672D43 /* Resources */,
			);
			buildRules = (
			);
			dependencies = (
				47BEA0E325F79D2F00672D43 /* PBXTargetDependency */,
			);
			name = PodTrialTests;
			productName = PodTrialTests;
			productReference = 47BEA0E025F79D2F00672D43 /* PodTrialTests.xctest */;
			productType = "com.apple.product-type.bundle.unit-test";
		};
		47BEA0F625F79DC800672D43 /* PodTrialExample */ = {
			isa = PBXNativeTarget;
			buildConfigurationList = 47BEA10325F79DC900672D43 /* Build configuration list for PBXNativeTarget "PodTrialExample" */;
			buildPhases = (
				47BEA0F325F79DC800672D43 /* Sources */,
				47BEA0F425F79DC800672D43 /* Frameworks */,
				47BEA0F525F79DC800672D43 /* Resources */,
			);
			buildRules = (
			);
			dependencies = (
			);
			name = PodTrialExample;
			productName = PodTrialExample;
			productReference = 47BEA0F725F79DC800672D43 /* PodTrialExample.app */;
			productType = "com.apple.product-type.application";
		};
/* End PBXNativeTarget section */

/* Begin PBXProject section */
		47BEA0CE25F79D2F00672D43 /* Project object */ = {
			isa = PBXProject;
			attributes = {
				LastSwiftUpdateCheck = 1230;
				LastUpgradeCheck = 1230;
				TargetAttributes = {
					47BEA0D625F79D2F00672D43 = {
						CreatedOnToolsVersion = 12.3;
						LastSwiftMigration = 1230;
					};
					47BEA0DF25F79D2F00672D43 = {
						CreatedOnToolsVersion = 12.3;
					};
					47BEA0F625F79DC800672D43 = {
						CreatedOnToolsVersion = 12.3;
					};
				};
			};
			buildConfigurationList = 47BEA0D125F79D2F00672D43 /* Build configuration list for PBXProject "PodTrial" */;
			compatibilityVersion = "Xcode 9.3";
			developmentRegion = en;
			hasScannedForEncodings = 0;
			knownRegions = (
				en,
				Base,
			);
			mainGroup = 47BEA0CD25F79D2F00672D43;
			productRefGroup = 47BEA0D825F79D2F00672D43 /* Products */;
			projectDirPath = "";
			projectRoot = "";
			targets = (
				47BEA0D625F79D2F00672D43 /* PodTrial */,
				47BEA0DF25F79D2F00672D43 /* PodTrialTests */,
				47BEA0F625F79DC800672D43 /* PodTrialExample */,
			);
		};
/* End PBXProject section */

/* Begin PBXResourcesBuildPhase section */
		47BEA0D525F79D2F00672D43 /* Resources */ = {
			isa = PBXResourcesBuildPhase;
			buildActionMask = 2147483647;
			files = (
			);
			runOnlyForDeploymentPostprocessing = 0;
		};
		47BEA0DE25F79D2F00672D43 /* Resources */ = {
			isa = PBXResourcesBuildPhase;
			buildActionMask = 2147483647;
			files = (
			);
			runOnlyForDeploymentPostprocessing = 0;
		};
		47BEA0F525F79DC800672D43 /* Resources */ = {
			isa = PBXResourcesBuildPhase;
			buildActionMask = 2147483647;
			files = (
				47BEA10125F79DC900672D43 /* Preview Assets.xcassets in Resources */,
				47BEA0FE25F79DC900672D43 /* Assets.xcassets in Resources */,
			);
			runOnlyForDeploymentPostprocessing = 0;
		};
/* End PBXResourcesBuildPhase section */

/* Begin PBXSourcesBuildPhase section */
		47BEA0D325F79D2F00672D43 /* Sources */ = {
			isa = PBXSourcesBuildPhase;
			buildActionMask = 2147483647;
			files = (
				47BEA10A25F7AB7F00672D43 /* PodTrial.swift in Sources */,
			);
			runOnlyForDeploymentPostprocessing = 0;
		};
		47BEA0DC25F79D2F00672D43 /* Sources */ = {
			isa = PBXSourcesBuildPhase;
			buildActionMask = 2147483647;
			files = (
				47BEA0E625F79D2F00672D43 /* PodTrialTests.swift in Sources */,
			);
			runOnlyForDeploymentPostprocessing = 0;
		};
		47BEA0F325F79DC800672D43 /* Sources */ = {
			isa = PBXSourcesBuildPhase;
			buildActionMask = 2147483647;
			files = (
				47BEA0FC25F79DC800672D43 /* ContentView.swift in Sources */,
				47BEA0FA25F79DC800672D43 /* PodTrialExampleApp.swift in Sources */,
			);
			runOnlyForDeploymentPostprocessing = 0;
		};
/* End PBXSourcesBuildPhase section */

/* Begin PBXTargetDependency section */
		47BEA0E325F79D2F00672D43 /* PBXTargetDependency */ = {
			isa = PBXTargetDependency;
			target = 47BEA0D625F79D2F00672D43 /* PodTrial */;
			targetProxy = 47BEA0E225F79D2F00672D43 /* PBXContainerItemProxy */;
		};
/* End PBXTargetDependency section */

/* Begin XCBuildConfiguration section */
		47BEA0E925F79D2F00672D43 /* Debug */ = {
			isa = XCBuildConfiguration;
			buildSettings = {
				ALWAYS_SEARCH_USER_PATHS = NO;
				CLANG_ANALYZER_NONNULL = YES;
				CLANG_ANALYZER_NUMBER_OBJECT_CONVERSION = YES_AGGRESSIVE;
				CLANG_CXX_LANGUAGE_STANDARD = "gnu++14";
				CLANG_CXX_LIBRARY = "libc++";
				CLANG_ENABLE_MODULES = YES;
				CLANG_ENABLE_OBJC_ARC = YES;
				CLANG_ENABLE_OBJC_WEAK = YES;
				CLANG_WARN_BLOCK_CAPTURE_AUTORELEASING = YES;
				CLANG_WARN_BOOL_CONVERSION = YES;
				CLANG_WARN_COMMA = YES;
				CLANG_WARN_CONSTANT_CONVERSION = YES;
				CLANG_WARN_DEPRECATED_OBJC_IMPLEMENTATIONS = YES;
				CLANG_WARN_DIRECT_OBJC_ISA_USAGE = YES_ERROR;
				CLANG_WARN_DOCUMENTATION_COMMENTS = YES;
				CLANG_WARN_EMPTY_BODY = YES;
				CLANG_WARN_ENUM_CONVERSION = YES;
				CLANG_WARN_INFINITE_RECURSION = YES;
				CLANG_WARN_INT_CONVERSION = YES;
				CLANG_WARN_NON_LITERAL_NULL_CONVERSION = YES;
				CLANG_WARN_OBJC_IMPLICIT_RETAIN_SELF = YES;
				CLANG_WARN_OBJC_LITERAL_CONVERSION = YES;
				CLANG_WARN_OBJC_ROOT_CLASS = YES_ERROR;
				CLANG_WARN_QUOTED_INCLUDE_IN_FRAMEWORK_HEADER = YES;
				CLANG_WARN_RANGE_LOOP_ANALYSIS = YES;
				CLANG_WARN_STRICT_PROTOTYPES = YES;
				CLANG_WARN_SUSPICIOUS_MOVE = YES;
				CLANG_WARN_UNGUARDED_AVAILABILITY = YES_AGGRESSIVE;
				CLANG_WARN_UNREACHABLE_CODE = YES;
				CLANG_WARN__DUPLICATE_METHOD_MATCH = YES;
				COPY_PHASE_STRIP = NO;
				CURRENT_PROJECT_VERSION = 1;
				DEBUG_INFORMATION_FORMAT = dwarf;
				ENABLE_STRICT_OBJC_MSGSEND = YES;
				ENABLE_TESTABILITY = YES;
				GCC_C_LANGUAGE_STANDARD = gnu11;
				GCC_DYNAMIC_NO_PIC = NO;
				GCC_NO_COMMON_BLOCKS = YES;
				GCC_OPTIMIZATION_LEVEL = 0;
				GCC_PREPROCESSOR_DEFINITIONS = (
					"DEBUG=1",
					"$(inherited)",
				);
				GCC_WARN_64_TO_32_BIT_CONVERSION = YES;
				GCC_WARN_ABOUT_RETURN_TYPE = YES_ERROR;
				GCC_WARN_UNDECLARED_SELECTOR = YES;
				GCC_WARN_UNINITIALIZED_AUTOS = YES_AGGRESSIVE;
				GCC_WARN_UNUSED_FUNCTION = YES;
				GCC_WARN_UNUSED_VARIABLE = YES;
				IPHONEOS_DEPLOYMENT_TARGET = 14.3;
				MTL_ENABLE_DEBUG_INFO = INCLUDE_SOURCE;
				MTL_FAST_MATH = YES;
				ONLY_ACTIVE_ARCH = YES;
				SDKROOT = iphoneos;
				SWIFT_ACTIVE_COMPILATION_CONDITIONS = DEBUG;
				SWIFT_OPTIMIZATION_LEVEL = "-Onone";
				VERSIONING_SYSTEM = "apple-generic";
				VERSION_INFO_PREFIX = "";
			};
			name = Debug;
		};
		47BEA0EA25F79D2F00672D43 /* Release */ = {
			isa = XCBuildConfiguration;
			buildSettings = {
				ALWAYS_SEARCH_USER_PATHS = NO;
				CLANG_ANALYZER_NONNULL = YES;
				CLANG_ANALYZER_NUMBER_OBJECT_CONVERSION = YES_AGGRESSIVE;
				CLANG_CXX_LANGUAGE_STANDARD = "gnu++14";
				CLANG_CXX_LIBRARY = "libc++";
				CLANG_ENABLE_MODULES = YES;
				CLANG_ENABLE_OBJC_ARC = YES;
				CLANG_ENABLE_OBJC_WEAK = YES;
				CLANG_WARN_BLOCK_CAPTURE_AUTORELEASING = YES;
				CLANG_WARN_BOOL_CONVERSION = YES;
				CLANG_WARN_COMMA = YES;
				CLANG_WARN_CONSTANT_CONVERSION = YES;
				CLANG_WARN_DEPRECATED_OBJC_IMPLEMENTATIONS = YES;
				CLANG_WARN_DIRECT_OBJC_ISA_USAGE = YES_ERROR;
				CLANG_WARN_DOCUMENTATION_COMMENTS = YES;
				CLANG_WARN_EMPTY_BODY = YES;
				CLANG_WARN_ENUM_CONVERSION = YES;
				CLANG_WARN_INFINITE_RECURSION = YES;
				CLANG_WARN_INT_CONVERSION = YES;
				CLANG_WARN_NON_LITERAL_NULL_CONVERSION = YES;
				CLANG_WARN_OBJC_IMPLICIT_RETAIN_SELF = YES;
				CLANG_WARN_OBJC_LITERAL_CONVERSION = YES;
				CLANG_WARN_OBJC_ROOT_CLASS = YES_ERROR;
				CLANG_WARN_QUOTED_INCLUDE_IN_FRAMEWORK_HEADER = YES;
				CLANG_WARN_RANGE_LOOP_ANALYSIS = YES;
				CLANG_WARN_STRICT_PROTOTYPES = YES;
				CLANG_WARN_SUSPICIOUS_MOVE = YES;
				CLANG_WARN_UNGUARDED_AVAILABILITY = YES_AGGRESSIVE;
				CLANG_WARN_UNREACHABLE_CODE = YES;
				CLANG_WARN__DUPLICATE_METHOD_MATCH = YES;
				COPY_PHASE_STRIP = NO;
				CURRENT_PROJECT_VERSION = 1;
				DEBUG_INFORMATION_FORMAT = "dwarf-with-dsym";
				ENABLE_NS_ASSERTIONS = NO;
				ENABLE_STRICT_OBJC_MSGSEND = YES;
				GCC_C_LANGUAGE_STANDARD = gnu11;
				GCC_NO_COMMON_BLOCKS = YES;
				GCC_WARN_64_TO_32_BIT_CONVERSION = YES;
				GCC_WARN_ABOUT_RETURN_TYPE = YES_ERROR;
				GCC_WARN_UNDECLARED_SELECTOR = YES;
				GCC_WARN_UNINITIALIZED_AUTOS = YES_AGGRESSIVE;
				GCC_WARN_UNUSED_FUNCTION = YES;
				GCC_WARN_UNUSED_VARIABLE = YES;
				IPHONEOS_DEPLOYMENT_TARGET = 14.3;
				MTL_ENABLE_DEBUG_INFO = NO;
				MTL_FAST_MATH = YES;
				SDKROOT = iphoneos;
				SWIFT_COMPILATION_MODE = wholemodule;
				SWIFT_OPTIMIZATION_LEVEL = "-O";
				VALIDATE_PRODUCT = YES;
				VERSIONING_SYSTEM = "apple-generic";
				VERSION_INFO_PREFIX = "";
			};
			name = Release;
		};
		47BEA0EC25F79D2F00672D43 /* Debug */ = {
			isa = XCBuildConfiguration;
			buildSettings = {
				CLANG_ENABLE_MODULES = YES;
				CODE_SIGN_STYLE = Automatic;
				DEFINES_MODULE = YES;
				DEVELOPMENT_TEAM = 288QF3T77S;
				DYLIB_COMPATIBILITY_VERSION = 1;
				DYLIB_CURRENT_VERSION = 1;
				DYLIB_INSTALL_NAME_BASE = "@rpath";
				INFOPLIST_FILE = PodTrial/Info.plist;
				INSTALL_PATH = "$(LOCAL_LIBRARY_DIR)/Frameworks";
				LD_RUNPATH_SEARCH_PATHS = (
					"$(inherited)",
					"@executable_path/Frameworks",
					"@loader_path/Frameworks",
				);
				PRODUCT_BUNDLE_IDENTIFIER = aiforward.PodTrial;
				PRODUCT_NAME = "$(TARGET_NAME:c99extidentifier)";
				SKIP_INSTALL = YES;
				SWIFT_OPTIMIZATION_LEVEL = "-Onone";
				SWIFT_VERSION = 5.0;
				TARGETED_DEVICE_FAMILY = "1,2";
			};
			name = Debug;
		};
		47BEA0ED25F79D2F00672D43 /* Release */ = {
			isa = XCBuildConfiguration;
			buildSettings = {
				CLANG_ENABLE_MODULES = YES;
				CODE_SIGN_STYLE = Automatic;
				DEFINES_MODULE = YES;
				DEVELOPMENT_TEAM = 288QF3T77S;
				DYLIB_COMPATIBILITY_VERSION = 1;
				DYLIB_CURRENT_VERSION = 1;
				DYLIB_INSTALL_NAME_BASE = "@rpath";
				INFOPLIST_FILE = PodTrial/Info.plist;
				INSTALL_PATH = "$(LOCAL_LIBRARY_DIR)/Frameworks";
				LD_RUNPATH_SEARCH_PATHS = (
					"$(inherited)",
					"@executable_path/Frameworks",
					"@loader_path/Frameworks",
				);
				PRODUCT_BUNDLE_IDENTIFIER = aiforward.PodTrial;
				PRODUCT_NAME = "$(TARGET_NAME:c99extidentifier)";
				SKIP_INSTALL = YES;
				SWIFT_VERSION = 5.0;
				TARGETED_DEVICE_FAMILY = "1,2";
			};
			name = Release;
		};
		47BEA0EF25F79D2F00672D43 /* Debug */ = {
			isa = XCBuildConfiguration;
			buildSettings = {
				ALWAYS_EMBED_SWIFT_STANDARD_LIBRARIES = YES;
				CODE_SIGN_STYLE = Automatic;
				DEVELOPMENT_TEAM = 288QF3T77S;
				INFOPLIST_FILE = PodTrialTests/Info.plist;
				LD_RUNPATH_SEARCH_PATHS = (
					"$(inherited)",
					"@executable_path/Frameworks",
					"@loader_path/Frameworks",
				);
				PRODUCT_BUNDLE_IDENTIFIER = aiforward.PodTrialTests;
				PRODUCT_NAME = "$(TARGET_NAME)";
				SWIFT_VERSION = 5.0;
				TARGETED_DEVICE_FAMILY = "1,2";
			};
			name = Debug;
		};
		47BEA0F025F79D2F00672D43 /* Release */ = {
			isa = XCBuildConfiguration;
			buildSettings = {
				ALWAYS_EMBED_SWIFT_STANDARD_LIBRARIES = YES;
				CODE_SIGN_STYLE = Automatic;
				DEVELOPMENT_TEAM = 288QF3T77S;
				INFOPLIST_FILE = PodTrialTests/Info.plist;
				LD_RUNPATH_SEARCH_PATHS = (
					"$(inherited)",
					"@executable_path/Frameworks",
					"@loader_path/Frameworks",
				);
				PRODUCT_BUNDLE_IDENTIFIER = aiforward.PodTrialTests;
				PRODUCT_NAME = "$(TARGET_NAME)";
				SWIFT_VERSION = 5.0;
				TARGETED_DEVICE_FAMILY = "1,2";
			};
			name = Release;
		};
		47BEA10425F79DC900672D43 /* Debug */ = {
			isa = XCBuildConfiguration;
			buildSettings = {
				ASSETCATALOG_COMPILER_APPICON_NAME = AppIcon;
				ASSETCATALOG_COMPILER_GLOBAL_ACCENT_COLOR_NAME = AccentColor;
				CODE_SIGN_STYLE = Automatic;
				DEVELOPMENT_ASSET_PATHS = "\"PodTrialExample/Preview Content\"";
				DEVELOPMENT_TEAM = 288QF3T77S;
				ENABLE_PREVIEWS = YES;
				INFOPLIST_FILE = PodTrialExample/Info.plist;
				IPHONEOS_DEPLOYMENT_TARGET = 14.0;
				LD_RUNPATH_SEARCH_PATHS = (
					"$(inherited)",
					"@executable_path/Frameworks",
				);
				PRODUCT_BUNDLE_IDENTIFIER = aiforward.PodTrialExample;
				PRODUCT_NAME = "$(TARGET_NAME)";
				SWIFT_VERSION = 5.0;
				TARGETED_DEVICE_FAMILY = "1,2";
			};
			name = Debug;
		};
		47BEA10525F79DC900672D43 /* Release */ = {
			isa = XCBuildConfiguration;
			buildSettings = {
				ASSETCATALOG_COMPILER_APPICON_NAME = AppIcon;
				ASSETCATALOG_COMPILER_GLOBAL_ACCENT_COLOR_NAME = AccentColor;
				CODE_SIGN_STYLE = Automatic;
				DEVELOPMENT_ASSET_PATHS = "\"PodTrialExample/Preview Content\"";
				DEVELOPMENT_TEAM = 288QF3T77S;
				ENABLE_PREVIEWS = YES;
				INFOPLIST_FILE = PodTrialExample/Info.plist;
				IPHONEOS_DEPLOYMENT_TARGET = 14.0;
				LD_RUNPATH_SEARCH_PATHS = (
					"$(inherited)",
					"@executable_path/Frameworks",
				);
				PRODUCT_BUNDLE_IDENTIFIER = aiforward.PodTrialExample;
				PRODUCT_NAME = "$(TARGET_NAME)";
				SWIFT_VERSION = 5.0;
				TARGETED_DEVICE_FAMILY = "1,2";
			};
			name = Release;
		};
/* End XCBuildConfiguration section */

/* Begin XCConfigurationList section */
		47BEA0D125F79D2F00672D43 /* Build configuration list for PBXProject "PodTrial" */ = {
			isa = XCConfigurationList;
			buildConfigurations = (
				47BEA0E925F79D2F00672D43 /* Debug */,
				47BEA0EA25F79D2F00672D43 /* Release */,
			);
			defaultConfigurationIsVisible = 0;
			defaultConfigurationName = Release;
		};
		47BEA0EB25F79D2F00672D43 /* Build configuration list for PBXNativeTarget "PodTrial" */ = {
			isa = XCConfigurationList;
			buildConfigurations = (
				47BEA0EC25F79D2F00672D43 /* Debug */,
				47BEA0ED25F79D2F00672D43 /* Release */,
			);
			defaultConfigurationIsVisible = 0;
			defaultConfigurationName = Release;
		};
		47BEA0EE25F79D2F00672D43 /* Build configuration list for PBXNativeTarget "PodTrialTests" */ = {
			isa = XCConfigurationList;
			buildConfigurations = (
				47BEA0EF25F79D2F00672D43 /* Debug */,
				47BEA0F025F79D2F00672D43 /* Release */,
			);
			defaultConfigurationIsVisible = 0;
			defaultConfigurationName = Release;
		};
		47BEA10325F79DC900672D43 /* Build configuration list for PBXNativeTarget "PodTrialExample" */ = {
			isa = XCConfigurationList;
			buildConfigurations = (
				47BEA10425F79DC900672D43 /* Debug */,
				47BEA10525F79DC900672D43 /* Release */,
			);
			defaultConfigurationIsVisible = 0;
			defaultConfigurationName = Release;
		};
/* End XCConfigurationList section */
	};
	rootObject = 47BEA0CE25F79D2F00672D43 /* Project object */;
}
